
Microsoft Visual Studio Solution File, Format Version 12.00
Project("{FAE04EC0-301F-11D3-BF4B-00C04F79EFBC}") = "PPGManager", "PPGManager\PPGManager.csproj", "{FB2900B1-A43E-4265-8148-2428B2CE6C3D}"
EndProject
Global
	GlobalSection(SolutionConfigurationPlatforms) = preSolution
		Debug|Any CPU = Debug|Any CPU
		Release|Any CPU = Release|Any CPU
	EndGlobalSection
	GlobalSection(ProjectConfigurationPlatforms) = postSolution
		{FB2900B1-A43E-4265-8148-2428B2CE6C3D}.Debug|Any CPU.ActiveCfg = Debug|Any CPU
		{FB2900B1-A43E-4265-8148-2428B2CE6C3D}.Debug|Any CPU.Build.0 = Debug|Any CPU
		{FB2900B1-A43E-4265-8148-2428B2CE6C3D}.Release|Any CPU.ActiveCfg = Release|Any CPU
		{FB2900B1-A43E-4265-8148-2428B2CE6C3D}.Release|Any CPU.Build.0 = Release|Any CPU
	EndGlobalSection
EndGlobal
